
Microsoft Visual Studio Solution File, Format Version 12.00
# Visual Studio Version 17
VisualStudioVersion = 17.13.35931.197 d17.13
MinimumVisualStudioVersion = 10.0.40219.1
Project("{FAE04EC0-301F-11D3-BF4B-00C04F79EFBC}") = "es-catalogo", "es-catalogo\es-catalogo.csproj", "{60317953-13EB-4AE6-85C9-1FBA4CC5F894}"
EndProject
Global
	GlobalSection(SolutionConfigurationPlatforms) = preSolution
		Debug|Any CPU = Debug|Any CPU
		Release|Any CPU = Release|Any CPU
	EndGlobalSection
	GlobalSection(ProjectConfigurationPlatforms) = postSolution
		{60317953-13EB-4AE6-85C9-1FBA4CC5F894}.Debug|Any CPU.ActiveCfg = Debug|Any CPU
		{60317953-13EB-4AE6-85C9-1FBA4CC5F894}.Debug|Any CPU.Build.0 = Debug|Any CPU
		{60317953-13EB-4AE6-85C9-1FBA4CC5F894}.Release|Any CPU.ActiveCfg = Release|Any CPU
		{60317953-13EB-4AE6-85C9-1FBA4CC5F894}.Release|Any CPU.Build.0 = Release|Any CPU
	EndGlobalSection
	GlobalSection(SolutionProperties) = preSolution
		HideSolutionNode = FALSE
	EndGlobalSection
	GlobalSection(ExtensibilityGlobals) = postSolution
		SolutionGuid = {59644284-EF16-4E5C-AAFC-07D8239534AC}
	EndGlobalSection
EndGlobal
